PODS:
  - AFImageHelper (3.2.1)
  - Alamofire (4.7.2)
  - AlamofireObjectMapper (5.0.0):
    - Alamofire (~> 4.1)
    - ObjectMapper (~> 3.0)
  - IHKeyboardAvoiding (4.2)
  - ObjectMapper (3.1.0)
  - SVProgressHUD (2.2.5)

DEPENDENCIES:
  - AFImageHelper
  - Alamofire
  - AlamofireObjectMapper
  - IHKeyboardAvoiding
  - SVProgressHUD

SPEC REPOS:
  https://github.com/cocoapods/specs.git:
    - AFImageHelper
    - Alamofire
    - AlamofireObjectMapper
    - IHKeyboardAvoiding
    - ObjectMapper
    - SVProgressHUD

SPEC CHECKSUMS:
  AFImageHelper: 9142599fb4f826b480d177902ab7f0c961bc966c
  Alamofire: e4fa87002c137ba2d8d634d2c51fabcda0d5c223
  AlamofireObjectMapper: 5fafc816351cbbc0d486611aaeba7461c0cbad49
  IHKeyboardAvoiding: 9fbf816b7c3c84911964802ff110d12caf40ebef
  ObjectMapper: 20505058f54e5c3ca69e1d6de9897d152a5369a6
  SVProgressHUD: 1428aafac632c1f86f62aa4243ec12008d7a51d6

PODFILE CHECKSUM: 1fedeaa17d43a353570c7b0b83eef7a5d7a86e0d

COCOAPODS: 1.5.3
